// !$*UTF8*$!
{
	archiveVersion = 1;
	classes = {
	};
	objectVersion = 50;
	objects = {

/* Begin PBXBuildFile section */
		8707BA58258C45D5007C8B4F /* AppDelegate.swift in Sources */ = {isa = PBXBuildFile; fileRef = 8707BA57258C45D5007C8B4F /* AppDelegate.swift */; };
		8707BA5A258C45D5007C8B4F /* SceneDelegate.swift in Sources */ = {isa = PBXBuildFile; fileRef = 8707BA59258C45D5007C8B4F /* SceneDelegate.swift */; };
		8707BA5C258C45D5007C8B4F /* ViewController.swift in Sources */ = {isa = PBXBuildFile; fileRef = 8707BA5B258C45D5007C8B4F /* ViewController.swift */; };
		8707BA5F258C45D5007C8B4F /* Main.storyboard in Resources */ = {isa = PBXBuildFile; fileRef = 8707BA5D258C45D5007C8B4F /* Main.storyboard */; };
		8707BA61258C45D5007C8B4F /* Assets.xcassets in Resources */ = {isa = PBXBuildFile; fileRef = 8707BA60258C45D5007C8B4F /* Assets.xcassets */; };
		8707BA64258C45D5007C8B4F /* LaunchScreen.storyboard in Resources */ = {isa = PBXBuildFile; fileRef = 8707BA62258C45D5007C8B4F /* LaunchScreen.storyboard */; };
		870AD74A25945907007CF51A /* CoreNFC.framework in Frameworks */ = {isa = PBXBuildFile; fileRef = 870AD74925945907007CF51A /* CoreNFC.framework */; };
/* End PBXBuildFile section */

/* Begin PBXFileReference section */
		8707BA54258C45D5007C8B4F /* ZdevBeaconApp.app */ = {isa = PBXFileReference; explicitFileType = wrapper.application; includeInIndex = 0; path = ZdevBeaconApp.app; sourceTree = BUILT_PRODUCTS_DIR; };
		8707BA57258C45D5007C8B4F /* AppDelegate.swift */ = {isa = PBXFileReference; lastKnownFileType = sourcecode.swift; path = AppDelegate.swift; sourceTree = "<group>"; };
		8707BA59258C45D5007C8B4F /* SceneDelegate.swift */ = {isa = PBXFileReference; lastKnownFileType = sourcecode.swift; path = SceneDelegate.swift; sourceTree = "<group>"; };
		8707BA5B258C45D5007C8B4F /* ViewController.swift */ = {isa = PBXFileReference; lastKnownFileType = sourcecode.swift; path = ViewController.swift; sourceTree = "<group>"; };
		8707BA5E258C45D5007C8B4F /* Base */ = {isa = PBXFileReference; lastKnownFileType = file.storyboard; name = Base; path = Base.lproj/Main.storyboard; sourceTree = "<group>"; };
		8707BA60258C45D5007C8B4F /* Assets.xcassets */ = {isa = PBXFileReference; lastKnownFileType = folder.assetcatalog; path = Assets.xcassets; sourceTree = "<group>"; };
		8707BA63258C45D5007C8B4F /* Base */ = {isa = PBXFileReference; lastKnownFileType = file.storyboard; name = Base; path = Base.lproj/LaunchScreen.storyboard; sourceTree = "<group>"; };
		8707BA65258C45D5007C8B4F /* Info.plist */ = {isa = PBXFileReference; lastKnownFileType = text.plist.xml; path = Info.plist; sourceTree = "<group>"; };
		870AD74925945907007CF51A /* CoreNFC.framework */ = {isa = PBXFileReference; lastKnownFileType = wrapper.framework; name = CoreNFC.framework; path = System/Library/Frameworks/CoreNFC.framework; sourceTree = SDKROOT; };
		87D726B0258CAC1200948F68 /* ZdevBeaconApp.entitlements */ = {isa = PBXFileReference; lastKnownFileType = text.plist.entitlements; path = ZdevBeaconApp.entitlements; sourceTree = "<group>"; };
/* End PBXFileReference section */

/* Begin PBXFrameworksBuildPhase section */
		8707BA51258C45D5007C8B4F /* Frameworks */ = {
			isa = PBXFrameworksBuildPhase;
			buildActionMask = 2147483647;
			files = (
				870AD74A25945907007CF51A /* CoreNFC.framework in Frameworks */,
			);
			runOnlyForDeploymentPostprocessing = 0;
		};
/* End PBXFrameworksBuildPhase section */

/* Begin PBXGroup section */
		8707BA4B258C45D5007C8B4F = {
			isa = PBXGroup;
			children = (
				8707BA56258C45D5007C8B4F /* ZdevBeaconApp */,
				8707BA55258C45D5007C8B4F /* Products */,
				870AD74825945907007CF51A /* Frameworks */,
			);
			sourceTree = "<group>";
		};
		8707BA55258C45D5007C8B4F /* Products */ = {
			isa = PBXGroup;
			children = (
				8707BA54258C45D5007C8B4F /* ZdevBeaconApp.app */,
			);
			name = Products;
			sourceTree = "<group>";
		};
		8707BA56258C45D5007C8B4F /* ZdevBeaconApp */ = {
			isa = PBXGroup;
			children = (
				87F4D6A425C39A8900DA79B4 /* Model */,
				87D726B0258CAC1200948F68 /* ZdevBeaconApp.entitlements */,
				8707BA57258C45D5007C8B4F /* AppDelegate.swift */,
				8707BA59258C45D5007C8B4F /* SceneDelegate.swift */,
				8707BA5B258C45D5007C8B4F /* ViewController.swift */,
				8707BA5D258C45D5007C8B4F /* Main.storyboard */,
				8707BA60258C45D5007C8B4F /* Assets.xcassets */,
				8707BA62258C45D5007C8B4F /* LaunchScreen.storyboard */,
				8707BA65258C45D5007C8B4F /* Info.plist */,
			);
			path = ZdevBeaconApp;
			sourceTree = "<group>";
		};
		870AD74825945907007CF51A /* Frameworks */ = {
			isa = PBXGroup;
			children = (
				870AD74925945907007CF51A /* CoreNFC.framework */,
			);
			name = Frameworks;
			sourceTree = "<group>";
		};
		87F4D6A425C39A8900DA79B4 /* Model */ = {
			isa = PBXGroup;
			children = (
			);
			path = Model;
			sourceTree = "<group>";
		};
/* End PBXGroup section */

/* Begin PBXNativeTarget section */
		8707BA53258C45D5007C8B4F /* ZdevBeaconApp */ = {
			isa = PBXNativeTarget;
			buildConfigurationList = 8707BA68258C45D5007C8B4F /* Build configuration list for PBXNativeTarget "ZdevBeaconApp" */;
			buildPhases = (
				8707BA50258C45D5007C8B4F /* Sources */,
				8707BA51258C45D5007C8B4F /* Frameworks */,
				8707BA52258C45D5007C8B4F /* Resources */,
			);
			buildRules = (
			);
			dependencies = (
			);
			name = ZdevBeaconApp;
			productName = ZdevBeaconApp;
			productReference = 8707BA54258C45D5007C8B4F /* ZdevBeaconApp.app */;
			productType = "com.apple.product-type.application";
		};
/* End PBXNativeTarget section */

/* Begin PBXProject section */
		8707BA4C258C45D5007C8B4F /* Project object */ = {
			isa = PBXProject;
			attributes = {
				LastSwiftUpdateCheck = 1220;
				LastUpgradeCheck = 1220;
				TargetAttributes = {
					8707BA53258C45D5007C8B4F = {
						CreatedOnToolsVersion = 12.2;
					};
				};
			};
			buildConfigurationList = 8707BA4F258C45D5007C8B4F /* Build configuration list for PBXProject "ZdevBeaconApp" */;
			compatibilityVersion = "Xcode 9.3";
			developmentRegion = en;
			hasScannedForEncodings = 0;
			knownRegions = (
				en,
				Base,
			);
			mainGroup = 8707BA4B258C45D5007C8B4F;
			productRefGroup = 8707BA55258C45D5007C8B4F /* Products */;
			projectDirPath = "";
			projectRoot = "";
			targets = (
				8707BA53258C45D5007C8B4F /* ZdevBeaconApp */,
			);
		};
/* End PBXProject section */

/* Begin PBXResourcesBuildPhase section */
		8707BA52258C45D5007C8B4F /* Resources */ = {
			isa = PBXResourcesBuildPhase;
			buildActionMask = 2147483647;
			files = (
				8707BA64258C45D5007C8B4F /* LaunchScreen.storyboard in Resources */,
				8707BA61258C45D5007C8B4F /* Assets.xcassets in Resources */,
				8707BA5F258C45D5007C8B4F /* Main.storyboard in Resources */,
			);
			runOnlyForDeploymentPostprocessing = 0;
		};
/* End PBXResourcesBuildPhase section */

/* Begin PBXSourcesBuildPhase section */
		8707BA50258C45D5007C8B4F /* Sources */ = {
			isa = PBXSourcesBuildPhase;
			buildActionMask = 2147483647;
			files = (
				8707BA5C258C45D5007C8B4F /* ViewController.swift in Sources */,
				8707BA58258C45D5007C8B4F /* AppDelegate.swift in Sources */,
				8707BA5A258C45D5007C8B4F /* SceneDelegate.swift in Sources */,
			);
			runOnlyForDeploymentPostprocessing = 0;
		};
/* End PBXSourcesBuildPhase section */

/* Begin PBXVariantGroup section */
		8707BA5D258C45D5007C8B4F /* Main.storyboard */ = {
			isa = PBXVariantGroup;
			children = (
				8707BA5E258C45D5007C8B4F /* Base */,
			);
			name = Main.storyboard;
			sourceTree = "<group>";
		};
		8707BA62258C45D5007C8B4F /* LaunchScreen.storyboard */ = {
			isa = PBXVariantGroup;
			children = (
				8707BA63258C45D5007C8B4F /* Base */,
			);
			name = LaunchScreen.storyboard;
			sourceTree = "<group>";
		};
/* End PBXVariantGroup section */

/* Begin XCBuildConfiguration section */
		8707BA66258C45D5007C8B4F /* Debug */ = {
			isa = XCBuildConfiguration;
			buildSettings = {
				ALWAYS_SEARCH_USER_PATHS = NO;
				CLANG_ANALYZER_NONNULL = YES;
				CLANG_ANALYZER_NUMBER_OBJECT_CONVERSION = YES_AGGRESSIVE;
				CLANG_CXX_LANGUAGE_STANDARD = "gnu++14";
				CLANG_CXX_LIBRARY = "libc++";
				CLANG_ENABLE_MODULES = YES;
				CLANG_ENABLE_OBJC_ARC = YES;
				CLANG_ENABLE_OBJC_WEAK = YES;
				CLANG_WARN_BLOCK_CAPTURE_AUTORELEASING = YES;
				CLANG_WARN_BOOL_CONVERSION = YES;
				CLANG_WARN_COMMA = YES;
				CLANG_WARN_CONSTANT_CONVERSION = YES;
				CLANG_WARN_DEPRECATED_OBJC_IMPLEMENTATIONS = YES;
				CLANG_WARN_DIRECT_OBJC_ISA_USAGE = YES_ERROR;
				CLANG_WARN_DOCUMENTATION_COMMENTS = YES;
				CLANG_WARN_EMPTY_BODY = YES;
				CLANG_WARN_ENUM_CONVERSION = YES;
				CLANG_WARN_INFINITE_RECURSION = YES;
				CLANG_WARN_INT_CONVERSION = YES;
				CLANG_WARN_NON_LITERAL_NULL_CONVERSION = YES;
				CLANG_WARN_OBJC_IMPLICIT_RETAIN_SELF = YES;
				CLANG_WARN_OBJC_LITERAL_CONVERSION = YES;
				CLANG_WARN_OBJC_ROOT_CLASS = YES_ERROR;
				CLANG_WARN_QUOTED_INCLUDE_IN_FRAMEWORK_HEADER = YES;
				CLANG_WARN_RANGE_LOOP_ANALYSIS = YES;
				CLANG_WARN_STRICT_PROTOTYPES = YES;
				CLANG_WARN_SUSPICIOUS_MOVE = YES;
				CLANG_WARN_UNGUARDED_AVAILABILITY = YES_AGGRESSIVE;
				CLANG_WARN_UNREACHABLE_CODE = YES;
				CLANG_WARN__DUPLICATE_METHOD_MATCH = YES;
				COPY_PHASE_STRIP = NO;
				DEBUG_INFORMATION_FORMAT = dwarf;
				ENABLE_STRICT_OBJC_MSGSEND = YES;
				ENABLE_TESTABILITY = YES;
				GCC_C_LANGUAGE_STANDARD = gnu11;
				GCC_DYNAMIC_NO_PIC = NO;
				GCC_NO_COMMON_BLOCKS = YES;
				GCC_OPTIMIZATION_LEVEL = 0;
				GCC_PREPROCESSOR_DEFINITIONS = (
					"DEBUG=1",
					"$(inherited)",
				);
				GCC_WARN_64_TO_32_BIT_CONVERSION = YES;
				GCC_WARN_ABOUT_RETURN_TYPE = YES_ERROR;
				GCC_WARN_UNDECLARED_SELECTOR = YES;
				GCC_WARN_UNINITIALIZED_AUTOS = YES_AGGRESSIVE;
				GCC_WARN_UNUSED_FUNCTION = YES;
				GCC_WARN_UNUSED_VARIABLE = YES;
				IPHONEOS_DEPLOYMENT_TARGET = 14.2;
				MTL_ENABLE_DEBUG_INFO = INCLUDE_SOURCE;
				MTL_FAST_MATH = YES;
				ONLY_ACTIVE_ARCH = YES;
				SDKROOT = iphoneos;
				SWIFT_ACTIVE_COMPILATION_CONDITIONS = DEBUG;
				SWIFT_OPTIMIZATION_LEVEL = "-Onone";
			};
			name = Debug;
		};
		8707BA67258C45D5007C8B4F /* Release */ = {
			isa = XCBuildConfiguration;
			buildSettings = {
				ALWAYS_SEARCH_USER_PATHS = NO;
				CLANG_ANALYZER_NONNULL = YES;
				CLANG_ANALYZER_NUMBER_OBJECT_CONVERSION = YES_AGGRESSIVE;
				CLANG_CXX_LANGUAGE_STANDARD = "gnu++14";
				CLANG_CXX_LIBRARY = "libc++";
				CLANG_ENABLE_MODULES = YES;
				CLANG_ENABLE_OBJC_ARC = YES;
				CLANG_ENABLE_OBJC_WEAK = YES;
				CLANG_WARN_BLOCK_CAPTURE_AUTORELEASING = YES;
				CLANG_WARN_BOOL_CONVERSION = YES;
				CLANG_WARN_COMMA = YES;
				CLANG_WARN_CONSTANT_CONVERSION = YES;
				CLANG_WARN_DEPRECATED_OBJC_IMPLEMENTATIONS = YES;
				CLANG_WARN_DIRECT_OBJC_ISA_USAGE = YES_ERROR;
				CLANG_WARN_DOCUMENTATION_COMMENTS = YES;
				CLANG_WARN_EMPTY_BODY = YES;
				CLANG_WARN_ENUM_CONVERSION = YES;
				CLANG_WARN_INFINITE_RECURSION = YES;
				CLANG_WARN_INT_CONVERSION = YES;
				CLANG_WARN_NON_LITERAL_NULL_CONVERSION = YES;
				CLANG_WARN_OBJC_IMPLICIT_RETAIN_SELF = YES;
				CLANG_WARN_OBJC_LITERAL_CONVERSION = YES;
				CLANG_WARN_OBJC_ROOT_CLASS = YES_ERROR;
				CLANG_WARN_QUOTED_INCLUDE_IN_FRAMEWORK_HEADER = YES;
				CLANG_WARN_RANGE_LOOP_ANALYSIS = YES;
				CLANG_WARN_STRICT_PROTOTYPES = YES;
				CLANG_WARN_SUSPICIOUS_MOVE = YES;
				CLANG_WARN_UNGUARDED_AVAILABILITY = YES_AGGRESSIVE;
				CLANG_WARN_UNREACHABLE_CODE = YES;
				CLANG_WARN__DUPLICATE_METHOD_MATCH = YES;
				COPY_PHASE_STRIP = NO;
				DEBUG_INFORMATION_FORMAT = "dwarf-with-dsym";
				ENABLE_NS_ASSERTIONS = NO;
				ENABLE_STRICT_OBJC_MSGSEND = YES;
				GCC_C_LANGUAGE_STANDARD = gnu11;
				GCC_NO_COMMON_BLOCKS = YES;
				GCC_WARN_64_TO_32_BIT_CONVERSION = YES;
				GCC_WARN_ABOUT_RETURN_TYPE = YES_ERROR;
				GCC_WARN_UNDECLARED_SELECTOR = YES;
				GCC_WARN_UNINITIALIZED_AUTOS = YES_AGGRESSIVE;
				GCC_WARN_UNUSED_FUNCTION = YES;
				GCC_WARN_UNUSED_VARIABLE = YES;
				IPHONEOS_DEPLOYMENT_TARGET = 14.2;
				MTL_ENABLE_DEBUG_INFO = NO;
				MTL_FAST_MATH = YES;
				SDKROOT = iphoneos;
				SWIFT_COMPILATION_MODE = wholemodule;
				SWIFT_OPTIMIZATION_LEVEL = "-O";
				VALIDATE_PRODUCT = YES;
			};
			name = Release;
		};
		8707BA69258C45D5007C8B4F /* Debug */ = {
			isa = XCBuildConfiguration;
			buildSettings = {
				ASSETCATALOG_COMPILER_APPICON_NAME = AppIcon;
				ASSETCATALOG_COMPILER_GLOBAL_ACCENT_COLOR_NAME = AccentColor;
				CODE_SIGN_ENTITLEMENTS = ZdevBeaconApp/ZdevBeaconApp.entitlements;
				CODE_SIGN_STYLE = Automatic;
				DEVELOPMENT_TEAM = 5CSACX7M4Q;
				INFOPLIST_FILE = ZdevBeaconApp/Info.plist;
				IPHONEOS_DEPLOYMENT_TARGET = 14.5;
				LD_RUNPATH_SEARCH_PATHS = (
					"$(inherited)",
					"@executable_path/Frameworks",
				);
				PRODUCT_BUNDLE_IDENTIFIER = com.ziotreks.ZdevBeaconApp;
				PRODUCT_NAME = "$(TARGET_NAME)";
				SWIFT_VERSION = 5.0;
				TARGETED_DEVICE_FAMILY = 1;
			};
			name = Debug;
		};
		8707BA6A258C45D5007C8B4F /* Release */ = {
			isa = XCBuildConfiguration;
			buildSettings = {
				ASSETCATALOG_COMPILER_APPICON_NAME = AppIcon;
				ASSETCATALOG_COMPILER_GLOBAL_ACCENT_COLOR_NAME = AccentColor;
				CODE_SIGN_ENTITLEMENTS = ZdevBeaconApp/ZdevBeaconApp.entitlements;
				CODE_SIGN_STYLE = Automatic;
				DEVELOPMENT_TEAM = 5CSACX7M4Q;
				INFOPLIST_FILE = ZdevBeaconApp/Info.plist;
				IPHONEOS_DEPLOYMENT_TARGET = 14.5;
				LD_RUNPATH_SEARCH_PATHS = (
					"$(inherited)",
					"@executable_path/Frameworks",
				);
				PRODUCT_BUNDLE_IDENTIFIER = com.ziotreks.ZdevBeaconApp;
				PRODUCT_NAME = "$(TARGET_NAME)";
				SWIFT_VERSION = 5.0;
				TARGETED_DEVICE_FAMILY = 1;
			};
			name = Release;
		};
/* End XCBuildConfiguration section */

/* Begin XCConfigurationList section */
		8707BA4F258C45D5007C8B4F /* Build configuration list for PBXProject "ZdevBeaconApp" */ = {
			isa = XCConfigurationList;
			buildConfigurations = (
				8707BA66258C45D5007C8B4F /* Debug */,
				8707BA67258C45D5007C8B4F /* Release */,
			);
			defaultConfigurationIsVisible = 0;
			defaultConfigurationName = Release;
		};
		8707BA68258C45D5007C8B4F /* Build configuration list for PBXNativeTarget "ZdevBeaconApp" */ = {
			isa = XCConfigurationList;
			buildConfigurations = (
				8707BA69258C45D5007C8B4F /* Debug */,
				8707BA6A258C45D5007C8B4F /* Release */,
			);
			defaultConfigurationIsVisible = 0;
			defaultConfigurationName = Release;
		};
/* End XCConfigurationList section */
	};
	rootObject = 8707BA4C258C45D5007C8B4F /* Project object */;
}
